<?xml version="1.0" encoding="utf-8"?>
<Project ToolsVersion="4.0" xmlns="http://schemas.microsoft.com/developer/msbuild/2003">
  <ItemGroup>
    <Filter Include="Source Files">
      <UniqueIdentifier>{4FC737F1-C7A5-4376-A066-2A32D752A2FF}</UniqueIdentifier>
      <Extensions>cpp;c;cc;cxx;c++;cppm;ixx;def;odl;idl;hpj;bat;asm;asmx</Extensions>
    </Filter>
    <Filter Include="Header Files">
      <UniqueIdentifier>{93995380-89BD-4b04-88EB-625FBE52EBFB}</UniqueIdentifier>
      <Extensions>h;hh;hpp;hxx;h++;hm;inl;inc;ipp;xsd</Extensions>
    </Filter>
    <Filter Include="Resource Files">
      <UniqueIdentifier>{67DA6AB6-F800-4c08-8B7A-83BB121AAD01}</UniqueIdentifier>
      <Extensions>rc;ico;cur;bmp;dlg;rc2;rct;bin;rgs;gif;jpg;jpeg;jpe;resx;tiff;tif;png;wav;mfcribbon-ms</Extensions>
    </Filter>
    <Filter Include="Header Files\DX12">
      <UniqueIdentifier>{9332d8b2-b56e-4997-9158-1c76964c2ccf}</UniqueIdentifier>
    </Filter>
    <Filter Include="Source Files\DX12">
      <UniqueIdentifier>{169816bc-2c86-44af-9e52-9c06c20fa877}</UniqueIdentifier>
    </Filter>
    <Filter Include="Source Files\Vulkan">
      <UniqueIdentifier>{f7d3ec69-59d5-432c-90cc-aecd53052d02}</UniqueIdentifier>
    </Filter>
    <Filter Include="Header Files\Vulkan">
      <UniqueIdentifier>{9ccc54ac-4c14-4629-9e03-8d10970f926f}</UniqueIdentifier>
    </Filter>
    <Filter Include="simdjson">
      <UniqueIdentifier>{ac7650b9-7fc4-4319-8f0e-71c310471cef}</UniqueIdentifier>
    </Filter>
    <Filter Include="Header Files\DX12\PathTracer">
      <UniqueIdentifier>{583601c8-08e9-4f45-8653-f9ca8270f73b}</UniqueIdentifier>
    </Filter>
    <Filter Include="Source Files\DX12\PathTracer">
      <UniqueIdentifier>{98cf021d-bf01-4370-90ab-ff9c58bee6d6}</UniqueIdentifier>
    </Filter>
    <Filter Include="Source Files\Vulkan\PathTracer">
      <UniqueIdentifier>{78321650-8848-4ff7-833e-af384a675d50}</UniqueIdentifier>
    </Filter>
    <Filter Include="Header Files\Vulkan\PathTracer">
      <UniqueIdentifier>{88b90f01-1eb3-453f-8bb8-74ccee9b984c}</UniqueIdentifier>
    </Filter>
    <Filter Include="stb_image">
      <UniqueIdentifier>{3ef8664e-c07c-4af8-b3d3-cae919da8013}</UniqueIdentifier>
    </Filter>
    <Filter Include="Header Files\CUDA">
      <UniqueIdentifier>{133e9f0f-c9f6-4bb3-ae6f-4f000584d977}</UniqueIdentifier>
    </Filter>
    <Filter Include="Source Files\CUDA">
      <UniqueIdentifier>{2c778bc2-e169-4eaa-b15d-59f8e3943100}</UniqueIdentifier>
    </Filter>
  </ItemGroup>
  <ItemGroup>
    <ClCompile Include="main.cpp">
      <Filter>Source Files</Filter>
    </ClCompile>
    <ClCompile Include="EntityManager.cpp">
      <Filter>Source Files</Filter>
    </ClCompile>
    <ClCompile Include="MeshManager.cpp">
      <Filter>Source Files</Filter>
    </ClCompile>
    <ClCompile Include="Window.cpp">
      <Filter>Source Files</Filter>
    </ClCompile>
    <ClCompile Include="Config.cpp">
      <Filter>Source Files</Filter>
    </ClCompile>
    <ClCompile Include="UI.cpp">
      <Filter>Source Files</Filter>
    </ClCompile>
    <ClCompile Include="InputManager.cpp">
      <Filter>Source Files</Filter>
    </ClCompile>
    <ClCompile Include="AetherTracer.cpp">
      <Filter>Source Files</Filter>
    </ClCompile>
    <ClCompile Include="MaterialManager.cpp">
      <Filter>Source Files</Filter>
    </ClCompile>
    <ClCompile Include="simdjson.cpp">
      <Filter>simdjson</Filter>
    </ClCompile>
    <ClCompile Include="DX12Renderer.cpp">
      <Filter>Source Files\DX12</Filter>
    </ClCompile>
    <ClCompile Include="DX12PathTracerPipeLine.cpp">
      <Filter>Source Files\DX12\PathTracer</Filter>
    </ClCompile>
    <ClCompile Include="DX12ResourceManager.cpp">
      <Filter>Source Files\DX12\PathTracer</Filter>
    </ClCompile>
    <ClCompile Include="DX12TLASManager.cpp">
      <Filter>Source Files\DX12\PathTracer</Filter>
    </ClCompile>
    <ClCompile Include="DX12BLASManager.cpp">
      <Filter>Source Files\DX12\PathTracer</Filter>
    </ClCompile>
    <ClCompile Include="DX12MaterialManager.cpp">
      <Filter>Source Files\DX12\PathTracer</Filter>
    </ClCompile>
    <ClCompile Include="CUDARenderer.cpp">
      <Filter>Source Files\CUDA</Filter>
    </ClCompile>
  </ItemGroup>
  <ItemGroup>
    <None Include="packages.config" />
  </ItemGroup>
  <ItemGroup>
    <ClInclude Include="EntityManager.h">
      <Filter>Header Files</Filter>
    </ClInclude>
    <ClInclude Include="MaterialManager.h">
      <Filter>Header Files</Filter>
    </ClInclude>
    <ClInclude Include="MeshManager.h">
      <Filter>Header Files</Filter>
    </ClInclude>
    <ClInclude Include="Vector.h">
      <Filter>Header Files</Filter>
    </ClInclude>
    <ClInclude Include="Window.h">
      <Filter>Header Files</Filter>
    </ClInclude>
    <ClInclude Include="AetherTracer.h">
      <Filter>Header Files</Filter>
    </ClInclude>
    <ClInclude Include="Config.h">
      <Filter>Header Files</Filter>
    </ClInclude>
    <ClInclude Include="UI.h">
      <Filter>Header Files</Filter>
    </ClInclude>
    <ClInclude Include="InputManager.h">
      <Filter>Header Files</Filter>
    </ClInclude>
    <ClInclude Include="simdjson.h">
      <Filter>simdjson</Filter>
    </ClInclude>
    <ClInclude Include="DX12Renderer.h">
      <Filter>Header Files\DX12</Filter>
    </ClInclude>
    <ClInclude Include="DX12ResourceManager.h">
      <Filter>Header Files\DX12\PathTracer</Filter>
    </ClInclude>
    <ClInclude Include="DX12PathTracerPipeLine.h">
      <Filter>Header Files\DX12\PathTracer</Filter>
    </ClInclude>
    <ClInclude Include="DX12TLASManager.h">
      <Filter>Header Files\DX12\PathTracer</Filter>
    </ClInclude>
    <ClInclude Include="DX12BLASManager.h">
      <Filter>Header Files\DX12\PathTracer</Filter>
    </ClInclude>
    <ClInclude Include="DX12MaterialManager.h">
      <Filter>Header Files\DX12\PathTracer</Filter>
    </ClInclude>
    <ClInclude Include="stb_image.h">
      <Filter>stb_image</Filter>
    </ClInclude>
    <ClInclude Include="DX12Resource.h">
      <Filter>Header Files\DX12\PathTracer</Filter>
    </ClInclude>
    <ClInclude Include="CUDARenderer.h">
      <Filter>Header Files\CUDA</Filter>
    </ClInclude>
    <ClInclude Include="Renderer.h">
      <Filter>Header Files</Filter>
    </ClInclude>
  </ItemGroup>
  <ItemGroup>
    <FxCompile Include="postprocessingshader.hlsl" />
    <FxCompile Include="raytracingshader.hlsl" />
  </ItemGroup>
</Project>